
Microsoft Visual Studio Solution File, Format Version 12.00
# Visual Studio 15
VisualStudioVersion = 15.0.28010.2048
MinimumVisualStudioVersion = 10.0.40219.1
Project("{FAE04EC0-301F-11D3-BF4B-00C04F79EFBC}") = "SearchA2DMatrix", "SearchA2DMatrix\SearchA2DMatrix.csproj", "{60472BBC-678B-4527-BBB6-772BA7DE59DE}"
EndProject
Global
	GlobalSection(SolutionConfigurationPlatforms) = preSolution
		Debug|Any CPU = Debug|Any CPU
		Release|Any CPU = Release|Any CPU
	EndGlobalSection
	GlobalSection(ProjectConfigurationPlatforms) = postSolution
		{60472BBC-678B-4527-BBB6-772BA7DE59DE}.Debug|Any CPU.ActiveCfg = Debug|Any CPU
		{60472BBC-678B-4527-BBB6-772BA7DE59DE}.Debug|Any CPU.Build.0 = Debug|Any CPU
		{60472BBC-678B-4527-BBB6-772BA7DE59DE}.Release|Any CPU.ActiveCfg = Release|Any CPU
		{60472BBC-678B-4527-BBB6-772BA7DE59DE}.Release|Any CPU.Build.0 = Release|Any CPU
	EndGlobalSection
	GlobalSection(SolutionProperties) = preSolution
		HideSolutionNode = FALSE
	EndGlobalSection
	GlobalSection(ExtensibilityGlobals) = postSolution
		SolutionGuid = {D389E39B-8523-418C-BE42-066C181A6F80}
	EndGlobalSection
EndGlobal
