
Microsoft Visual Studio Solution File, Format Version 12.00
# Visual Studio 15
VisualStudioVersion = 15.0.28010.2048
MinimumVisualStudioVersion = 10.0.40219.1
Project("{FAE04EC0-301F-11D3-BF4B-00C04F79EFBC}") = "SortBasedOnFrequency", "SortBasedOnFrequency\SortBasedOnFrequency.csproj", "{BEE212DF-F754-4C4A-9A3E-58CEF4A9E947}"
EndProject
Global
	GlobalSection(SolutionConfigurationPlatforms) = preSolution
		Debug|Any CPU = Debug|Any CPU
		Release|Any CPU = Release|Any CPU
	EndGlobalSection
	GlobalSection(ProjectConfigurationPlatforms) = postSolution
		{BEE212DF-F754-4C4A-9A3E-58CEF4A9E947}.Debug|Any CPU.ActiveCfg = Debug|Any CPU
		{BEE212DF-F754-4C4A-9A3E-58CEF4A9E947}.Debug|Any CPU.Build.0 = Debug|Any CPU
		{BEE212DF-F754-4C4A-9A3E-58CEF4A9E947}.Release|Any CPU.ActiveCfg = Release|Any CPU
		{BEE212DF-F754-4C4A-9A3E-58CEF4A9E947}.Release|Any CPU.Build.0 = Release|Any CPU
	EndGlobalSection
	GlobalSection(SolutionProperties) = preSolution
		HideSolutionNode = FALSE
	EndGlobalSection
	GlobalSection(ExtensibilityGlobals) = postSolution
		SolutionGuid = {726BA2F1-AEB7-4FD6-842A-D2DF901781AD}
	EndGlobalSection
EndGlobal
