
Microsoft Visual Studio Solution File, Format Version 12.00
# Visual Studio 15
VisualStudioVersion = 15.0.28010.2048
MinimumVisualStudioVersion = 10.0.40219.1
Project("{FAE04EC0-301F-11D3-BF4B-00C04F79EFBC}") = "SortBinaryArray", "SortBinaryArray\SortBinaryArray.csproj", "{CC0CEC4B-68D5-4F75-988D-DD9FBD358DE5}"
EndProject
Global
	GlobalSection(SolutionConfigurationPlatforms) = preSolution
		Debug|Any CPU = Debug|Any CPU
		Release|Any CPU = Release|Any CPU
	EndGlobalSection
	GlobalSection(ProjectConfigurationPlatforms) = postSolution
		{CC0CEC4B-68D5-4F75-988D-DD9FBD358DE5}.Debug|Any CPU.ActiveCfg = Debug|Any CPU
		{CC0CEC4B-68D5-4F75-988D-DD9FBD358DE5}.Debug|Any CPU.Build.0 = Debug|Any CPU
		{CC0CEC4B-68D5-4F75-988D-DD9FBD358DE5}.Release|Any CPU.ActiveCfg = Release|Any CPU
		{CC0CEC4B-68D5-4F75-988D-DD9FBD358DE5}.Release|Any CPU.Build.0 = Release|Any CPU
	EndGlobalSection
	GlobalSection(SolutionProperties) = preSolution
		HideSolutionNode = FALSE
	EndGlobalSection
	GlobalSection(ExtensibilityGlobals) = postSolution
		SolutionGuid = {B4A0FA0A-975F-444C-BB10-E137954C3877}
	EndGlobalSection
EndGlobal
