
Microsoft Visual Studio Solution File, Format Version 12.00
# Visual Studio 15
VisualStudioVersion = 15.0.28010.2048
MinimumVisualStudioVersion = 10.0.40219.1
Project("{FAE04EC0-301F-11D3-BF4B-00C04F79EFBC}") = "DeterminPalindromeString", "DeterminPalindromeString\DeterminPalindromeString.csproj", "{28FF6E53-0C94-4CA5-8C2C-2460DD07F9D0}"
EndProject
Global
	GlobalSection(SolutionConfigurationPlatforms) = preSolution
		Debug|Any CPU = Debug|Any CPU
		Release|Any CPU = Release|Any CPU
	EndGlobalSection
	GlobalSection(ProjectConfigurationPlatforms) = postSolution
		{28FF6E53-0C94-4CA5-8C2C-2460DD07F9D0}.Debug|Any CPU.ActiveCfg = Debug|Any CPU
		{28FF6E53-0C94-4CA5-8C2C-2460DD07F9D0}.Debug|Any CPU.Build.0 = Debug|Any CPU
		{28FF6E53-0C94-4CA5-8C2C-2460DD07F9D0}.Release|Any CPU.ActiveCfg = Release|Any CPU
		{28FF6E53-0C94-4CA5-8C2C-2460DD07F9D0}.Release|Any CPU.Build.0 = Release|Any CPU
	EndGlobalSection
	GlobalSection(SolutionProperties) = preSolution
		HideSolutionNode = FALSE
	EndGlobalSection
	GlobalSection(ExtensibilityGlobals) = postSolution
		SolutionGuid = {5C782FC3-51BB-40FD-9EC7-DFD1BBAB9365}
	EndGlobalSection
EndGlobal
