
Microsoft Visual Studio Solution File, Format Version 12.00
# Visual Studio 15
VisualStudioVersion = 15.0.28010.2048
MinimumVisualStudioVersion = 10.0.40219.1
Project("{FAE04EC0-301F-11D3-BF4B-00C04F79EFBC}") = "FindNumberElementsGreaterThan_k", "FindNumberElementsGreaterThan_k\FindNumberElementsGreaterThan_k.csproj", "{E0328A85-F015-47A1-AF83-0E7298B77081}"
EndProject
Global
	GlobalSection(SolutionConfigurationPlatforms) = preSolution
		Debug|Any CPU = Debug|Any CPU
		Release|Any CPU = Release|Any CPU
	EndGlobalSection
	GlobalSection(ProjectConfigurationPlatforms) = postSolution
		{E0328A85-F015-47A1-AF83-0E7298B77081}.Debug|Any CPU.ActiveCfg = Debug|Any CPU
		{E0328A85-F015-47A1-AF83-0E7298B77081}.Debug|Any CPU.Build.0 = Debug|Any CPU
		{E0328A85-F015-47A1-AF83-0E7298B77081}.Release|Any CPU.ActiveCfg = Release|Any CPU
		{E0328A85-F015-47A1-AF83-0E7298B77081}.Release|Any CPU.Build.0 = Release|Any CPU
	EndGlobalSection
	GlobalSection(SolutionProperties) = preSolution
		HideSolutionNode = FALSE
	EndGlobalSection
	GlobalSection(ExtensibilityGlobals) = postSolution
		SolutionGuid = {1290CB05-7207-4671-A6D5-28B33E68C76E}
	EndGlobalSection
EndGlobal
