
Microsoft Visual Studio Solution File, Format Version 12.00
# Visual Studio 15
VisualStudioVersion = 15.0.28010.2048
MinimumVisualStudioVersion = 10.0.40219.1
Project("{FAE04EC0-301F-11D3-BF4B-00C04F79EFBC}") = "RemovingSpecificCharFromString", "RemovingSpecificCharFromString\RemovingSpecificCharFromString.csproj", "{3146E684-C6C2-44E8-B823-81935CD377F8}"
EndProject
Global
	GlobalSection(SolutionConfigurationPlatforms) = preSolution
		Debug|Any CPU = Debug|Any CPU
		Release|Any CPU = Release|Any CPU
	EndGlobalSection
	GlobalSection(ProjectConfigurationPlatforms) = postSolution
		{3146E684-C6C2-44E8-B823-81935CD377F8}.Debug|Any CPU.ActiveCfg = Debug|Any CPU
		{3146E684-C6C2-44E8-B823-81935CD377F8}.Debug|Any CPU.Build.0 = Debug|Any CPU
		{3146E684-C6C2-44E8-B823-81935CD377F8}.Release|Any CPU.ActiveCfg = Release|Any CPU
		{3146E684-C6C2-44E8-B823-81935CD377F8}.Release|Any CPU.Build.0 = Release|Any CPU
	EndGlobalSection
	GlobalSection(SolutionProperties) = preSolution
		HideSolutionNode = FALSE
	EndGlobalSection
	GlobalSection(ExtensibilityGlobals) = postSolution
		SolutionGuid = {3F341FA3-5A9A-4394-ABAE-807CC305F232}
	EndGlobalSection
EndGlobal
