
Microsoft Visual Studio Solution File, Format Version 12.00
# Visual Studio 15
VisualStudioVersion = 15.0.28010.2048
MinimumVisualStudioVersion = 10.0.40219.1
Project("{FAE04EC0-301F-11D3-BF4B-00C04F79EFBC}") = "DependencyInjectionMsgLogger", "DependencyInjectionMsgLogger\DependencyInjectionMsgLogger.csproj", "{5C37BE21-AC7D-4954-AF65-2EB7BA4A28C5}"
EndProject
Global
	GlobalSection(SolutionConfigurationPlatforms) = preSolution
		Debug|Any CPU = Debug|Any CPU
		Release|Any CPU = Release|Any CPU
	EndGlobalSection
	GlobalSection(ProjectConfigurationPlatforms) = postSolution
		{5C37BE21-AC7D-4954-AF65-2EB7BA4A28C5}.Debug|Any CPU.ActiveCfg = Debug|Any CPU
		{5C37BE21-AC7D-4954-AF65-2EB7BA4A28C5}.Debug|Any CPU.Build.0 = Debug|Any CPU
		{5C37BE21-AC7D-4954-AF65-2EB7BA4A28C5}.Release|Any CPU.ActiveCfg = Release|Any CPU
		{5C37BE21-AC7D-4954-AF65-2EB7BA4A28C5}.Release|Any CPU.Build.0 = Release|Any CPU
	EndGlobalSection
	GlobalSection(SolutionProperties) = preSolution
		HideSolutionNode = FALSE
	EndGlobalSection
	GlobalSection(ExtensibilityGlobals) = postSolution
		SolutionGuid = {73D2E4D0-4F24-4D6C-82CC-9DB3D6FDB985}
	EndGlobalSection
EndGlobal
